github.com/go-jose/go-jose/v4 v4.1.4 h1:moDMcTHmvE6Groj34emNPLs/qtYXRVcd6S7NHbHz3kA=
github.com/go-jose/go-jose/v4 v4.1.4/go.mod h1:x4oUasVrzR7071A4TnHLGSPpNOm2a21K9Kf04k1rs08=
github.com/google/go-cmp v0.7.0 h1:wk8382ETsv4JYUZwIsn6YpYiWiBsYLSJiTsyBybVuN8=
github.com/google/go-cmp v0.7.0/go.mod h1:pXiqmnSA92OHEEa9HXL2W4E7lf9JzCmGVUdgjX3N/iU=
github.com/google/uuid v1.6.0 h1:NIvaJDMOsjHA8n1jAhLSgzrAzy1Hgr+hNrb57e+94F0=
github.com/google/uuid v1.6.0/go.mod h1:TIyPZe4MgqvfeYDBFedMoGGpEw/LqOeaOT+nhxU+yHo=
github.com/luikyv/go-oidc v0.23.0 h1:CW6AQJsARr+R7EoC5ENzgfP7laCpDrFmfwVpJweNGps=
github.com/luikyv/go-oidc v0.23.0/go.mod h1:CCv/WS1FN4IH8sV7PFgcMEC48lrRJOuD0i3c8iyBG7Q=
github.com/luikyv/go-sdjwt v0.1.0 h1:NQDLcqYnxkhwOF6uxAMG03T7X9dJAUs5h0hr13LlZ7k=
github.com/luikyv/go-sdjwt v0.1.0/go.mod h1:7B71yRIgvWih/m61IBWRnz1IDz53vIjNs7Ay4dIx9sw=
